
Microsoft Visual Studio Solution File, Format Version 12.00
# Visual Studio Version 16
VisualStudioVersion = 16.0.31205.134
MinimumVisualStudioVersion = 10.0.40219.1
Project("{FAE04EC0-301F-11D3-BF4B-00C04F79EFBC}") = "SudokuGame", "SudokuGameCore\SudokuGame.csproj", "{7D32E6C4-6857-464E-8528-8199606EF2C9}"
EndProject
Project("{FAE04EC0-301F-11D3-BF4B-00C04F79EFBC}") = "SudokuSharp", "SudokuSharpCore\SudokuSharp.csproj", "{64FB0C76-79DD-4366-822C-D3E3E28CDE8D}"
EndProject
Global
	GlobalSection(SolutionConfigurationPlatforms) = preSolution
		Debug|Any CPU = Debug|Any CPU
		Release|Any CPU = Release|Any CPU
	EndGlobalSection
	GlobalSection(ProjectConfigurationPlatforms) = postSolution
		{7D32E6C4-6857-464E-8528-8199606EF2C9}.Debug|Any CPU.ActiveCfg = Debug|Any CPU
		{7D32E6C4-6857-464E-8528-8199606EF2C9}.Debug|Any CPU.Build.0 = Debug|Any CPU
		{7D32E6C4-6857-464E-8528-8199606EF2C9}.Release|Any CPU.ActiveCfg = Release|Any CPU
		{7D32E6C4-6857-464E-8528-8199606EF2C9}.Release|Any CPU.Build.0 = Release|Any CPU
		{64FB0C76-79DD-4366-822C-D3E3E28CDE8D}.Debug|Any CPU.ActiveCfg = Debug|Any CPU
		{64FB0C76-79DD-4366-822C-D3E3E28CDE8D}.Debug|Any CPU.Build.0 = Debug|Any CPU
		{64FB0C76-79DD-4366-822C-D3E3E28CDE8D}.Release|Any CPU.ActiveCfg = Release|Any CPU
		{64FB0C76-79DD-4366-822C-D3E3E28CDE8D}.Release|Any CPU.Build.0 = Release|Any CPU
	EndGlobalSection
	GlobalSection(SolutionProperties) = preSolution
		HideSolutionNode = FALSE
	EndGlobalSection
	GlobalSection(ExtensibilityGlobals) = postSolution
		SolutionGuid = {4A5B8446-75D7-47E4-A399-2513A59C33E6}
	EndGlobalSection
EndGlobal
